
Microsoft Visual Studio Solution File, Format Version 12.00
# Visual Studio Version 16
VisualStudioVersion = 16.0.29709.97
MinimumVisualStudioVersion = 10.0.40219.1
Project("{FAE04EC0-301F-11D3-BF4B-00C04F79EFBC}") = "kill_process_when_idle", "kill_process_when_idle\kill_process_when_idle.csproj", "{4D2F33B5-C2C2-4EC8-A656-F5033B5AC73C}"
EndProject
Global
	GlobalSection(SolutionConfigurationPlatforms) = preSolution
		Debug|Any CPU = Debug|Any CPU
		Release|Any CPU = Release|Any CPU
	EndGlobalSection
	GlobalSection(ProjectConfigurationPlatforms) = postSolution
		{4D2F33B5-C2C2-4EC8-A656-F5033B5AC73C}.Debug|Any CPU.ActiveCfg = Debug|Any CPU
		{4D2F33B5-C2C2-4EC8-A656-F5033B5AC73C}.Debug|Any CPU.Build.0 = Debug|Any CPU
		{4D2F33B5-C2C2-4EC8-A656-F5033B5AC73C}.Release|Any CPU.ActiveCfg = Release|Any CPU
		{4D2F33B5-C2C2-4EC8-A656-F5033B5AC73C}.Release|Any CPU.Build.0 = Release|Any CPU
	EndGlobalSection
	GlobalSection(SolutionProperties) = preSolution
		HideSolutionNode = FALSE
	EndGlobalSection
	GlobalSection(ExtensibilityGlobals) = postSolution
		SolutionGuid = {CDE751C0-0F3D-4728-9A69-7D9411E0EA6B}
	EndGlobalSection
EndGlobal
